{
  "version": "5",
  "redirects": {
    "https://esm.sh/@supabase/supabase-js@2": "https://esm.sh/@supabase/supabase-js@2.76.1",
    "https://esm.sh/tr46@~0.0.3?target=denonext": "https://esm.sh/tr46@0.0.3?target=denonext",
    "https://esm.sh/webidl-conversions@^3.0.0?target=denonext": "https://esm.sh/webidl-conversions@3.0.1?target=denonext",
    "https://esm.sh/whatwg-url@^5.0.0?target=denonext": "https://esm.sh/whatwg-url@5.0.0?target=denonext"
  },
  "remote": {
    "https://esm.sh/@google/generative-ai@0.19.0": "44188d403cb597d26f2ca4f64d2786ac571f49792b3ab817ff354511541422e1",
    "https://esm.sh/@google/generative-ai@0.19.0/denonext/generative-ai.mjs": "ecf40a97f34691c0887fd42310d76a428a8bf5edf88cd452a2bf86cde46bffaf",
    "https://esm.sh/@supabase/auth-js@2.76.1/denonext/auth-js.mjs": "34acd2684c9861b7b753d2d06c77e548eb63d06c8a6081e3e2aa6aac01b006f9",
    "https://esm.sh/@supabase/functions-js@2.76.1/denonext/functions-js.mjs": "8f74804adb4268b17cc2d677dd84269f4e2c5ab848eeaf3e5759d5ab78e18100",
    "https://esm.sh/@supabase/node-fetch@2.6.15/denonext/node-fetch.mjs": "0bae9052231f4f6dbccc7234d05ea96923dbf967be12f402764580b6bf9f713d",
    "https://esm.sh/@supabase/postgrest-js@2.76.1/denonext/postgrest-js.mjs": "50284739ae9a5f487dcf76bccbbdda5d08fea9962cc28c829cca12ae81dedda8",
    "https://esm.sh/@supabase/realtime-js@2.76.1/denonext/realtime-js.mjs": "e5d64b84666fdc989495478299e78779d3c756d4fd900f56cf83fb20e7b568d8",
    "https://esm.sh/@supabase/storage-js@2.76.1/denonext/storage-js.mjs": "71ff35507eb09ef4197cf3a7d5b1601fecccb6a9a69d09e271cbb6c98af3b3a4",
    "https://esm.sh/@supabase/supabase-js@2.76.1": "99f07a2597a0be25436c7520104699b5570de0c91d8e42b1679359dba7716324",
    "https://esm.sh/@supabase/supabase-js@2.76.1/denonext/supabase-js.mjs": "2f5357f9c5cbef8b66035f8c287b00891c5214832e937118105f926bd0e6ae0d",
    "https://esm.sh/tr46@0.0.3/denonext/tr46.mjs": "5753ec0a99414f4055f0c1f97691100f13d88e48a8443b00aebb90a512785fa2",
    "https://esm.sh/tr46@0.0.3?target=denonext": "19cb9be0f0d418a0c3abb81f2df31f080e9540a04e43b0f699bce1149cba0cbb",
    "https://esm.sh/tslib@2.8.1/denonext/tslib.mjs": "ebce3cd5facb654623020337f867b426ba95f71596ba87acc9e6c6f4e55905ca",
    "https://esm.sh/webidl-conversions@3.0.1/denonext/webidl-conversions.mjs": "54b5c2d50a294853c4ccebf9d5ed8988c94f4e24e463d84ec859a866ea5fafec",
    "https://esm.sh/webidl-conversions@3.0.1?target=denonext": "4e20318d50528084616c79d7b3f6e7f0fe7b6d09013bd01b3974d7448d767e29",
    "https://esm.sh/whatwg-url@5.0.0/denonext/whatwg-url.mjs": "29b16d74ee72624c915745bbd25b617cfd2248c6af0f5120d131e232a9a9af79",
    "https://esm.sh/whatwg-url@5.0.0?target=denonext": "f001a2cadf81312d214ca330033f474e74d81a003e21e8c5d70a1f46dc97b02d"
  },
  "workspace": {
    "packageJson": {
      "dependencies": [
        "npm:@playwright/test@^1.56.1",
        "npm:ws@^8.18.3"
      ]
    }
  }
}
